github.com/park-jun-woo/ncloud v0.0.0-20250123225157-9241b45b564d h1:tj2PpkoB+PJoe/s5rmLe5oBfm+H/DApH2V3M6Cth2YM=
github.com/park-jun-woo/ncloud v0.0.0-20250123225157-9241b45b564d/go.mod h1:91Wu4HQLFprKqrvwoTX4KvV4T35tytH+A9gvA/fgvhc=
golang.org/x/net v0.27.0 h1:5K3Njcw06/l2y9vpGCSdcxWOYHOUk3dVNGDXN+FvAys=
golang.org/x/net v0.27.0/go.mod h1:dDi0PyhWNoiUOrAS8uXv/vnScO4wnHQO4mj9fn/RytE=
